
Microsoft Visual Studio Solution File, Format Version 12.00
# Visual Studio 15
VisualStudioVersion = 15.0.28307.1500
MinimumVisualStudioVersion = 10.0.40219.1
Project("{FAE04EC0-301F-11D3-BF4B-00C04F79EFBC}") = "Uri_1004", "Uri_1004\Uri_1004.csproj", "{D71624E8-A13D-4B9D-98F6-421CC4F45C28}"
EndProject
Global
	GlobalSection(SolutionConfigurationPlatforms) = preSolution
		Debug|Any CPU = Debug|Any CPU
		Release|Any CPU = Release|Any CPU
	EndGlobalSection
	GlobalSection(ProjectConfigurationPlatforms) = postSolution
		{D71624E8-A13D-4B9D-98F6-421CC4F45C28}.Debug|Any CPU.ActiveCfg = Debug|Any CPU
		{D71624E8-A13D-4B9D-98F6-421CC4F45C28}.Debug|Any CPU.Build.0 = Debug|Any CPU
		{D71624E8-A13D-4B9D-98F6-421CC4F45C28}.Release|Any CPU.ActiveCfg = Release|Any CPU
		{D71624E8-A13D-4B9D-98F6-421CC4F45C28}.Release|Any CPU.Build.0 = Release|Any CPU
	EndGlobalSection
	GlobalSection(SolutionProperties) = preSolution
		HideSolutionNode = FALSE
	EndGlobalSection
	GlobalSection(ExtensibilityGlobals) = postSolution
		SolutionGuid = {4D6121F3-0F0A-4FFA-A9AB-306B502E2787}
	EndGlobalSection
EndGlobal
